// !$*UTF8*$!
{
	archiveVersion = 1;
	classes = {
	};
	objectVersion = 50;
	objects = {

/* Begin PBXBuildFile section */
		3B99752EC760740B52016E07 /* Pods_flixapp.framework in Frameworks */ = {isa = PBXBuildFile; fileRef = 7128F2FD7C43A55D587BD969 /* Pods_flixapp.framework */; };
		F2304B152220DF9A008071EF /* MovieDetailsVC.swift in Sources */ = {isa = PBXBuildFile; fileRef = F2304B142220DF9A008071EF /* MovieDetailsVC.swift */; };
		F27FAEF2221365DE002FCE94 /* MovieCell.swift in Sources */ = {isa = PBXBuildFile; fileRef = F27FAEF1221365DE002FCE94 /* MovieCell.swift */; };
		F28465132212C21700C85B3A /* AppDelegate.swift in Sources */ = {isa = PBXBuildFile; fileRef = F28465122212C21700C85B3A /* AppDelegate.swift */; };
		F28465182212C21700C85B3A /* Main.storyboard in Resources */ = {isa = PBXBuildFile; fileRef = F28465162212C21700C85B3A /* Main.storyboard */; };
		F284651A2212C21900C85B3A /* Assets.xcassets in Resources */ = {isa = PBXBuildFile; fileRef = F28465192212C21900C85B3A /* Assets.xcassets */; };
		F284651D2212C21900C85B3A /* LaunchScreen.storyboard in Resources */ = {isa = PBXBuildFile; fileRef = F284651B2212C21900C85B3A /* LaunchScreen.storyboard */; };
		F28465252212C59100C85B3A /* MoviesVC.swift in Sources */ = {isa = PBXBuildFile; fileRef = F28465242212C59100C85B3A /* MoviesVC.swift */; };
		F2CC47EB22250D2B00E39E17 /* MovieGridVC.swift in Sources */ = {isa = PBXBuildFile; fileRef = F2CC47EA22250D2B00E39E17 /* MovieGridVC.swift */; };
		F2CC47ED2225152500E39E17 /* MovieGridCell.swift in Sources */ = {isa = PBXBuildFile; fileRef = F2CC47EC2225152500E39E17 /* MovieGridCell.swift */; };
/* End PBXBuildFile section */

/* Begin PBXFileReference section */
		1BDAF1A506853AB3CDC452A2 /* Pods-flixapp.debug.xcconfig */ = {isa = PBXFileReference; includeInIndex = 1; lastKnownFileType = text.xcconfig; name = "Pods-flixapp.debug.xcconfig"; path = "Pods/Target Support Files/Pods-flixapp/Pods-flixapp.debug.xcconfig"; sourceTree = "<group>"; };
		7128F2FD7C43A55D587BD969 /* Pods_flixapp.framework */ = {isa = PBXFileReference; explicitFileType = wrapper.framework; includeInIndex = 0; path = Pods_flixapp.framework; sourceTree = BUILT_PRODUCTS_DIR; };
		E41D0DCBADD4899A4DBADC90 /* Pods-flixapp.release.xcconfig */ = {isa = PBXFileReference; includeInIndex = 1; lastKnownFileType = text.xcconfig; name = "Pods-flixapp.release.xcconfig"; path = "Pods/Target Support Files/Pods-flixapp/Pods-flixapp.release.xcconfig"; sourceTree = "<group>"; };
		F2304B142220DF9A008071EF /* MovieDetailsVC.swift */ = {isa = PBXFileReference; lastKnownFileType = sourcecode.swift; path = MovieDetailsVC.swift; sourceTree = "<group>"; };
		F27FAEF1221365DE002FCE94 /* MovieCell.swift */ = {isa = PBXFileReference; lastKnownFileType = sourcecode.swift; path = MovieCell.swift; sourceTree = "<group>"; };
		F284650F2212C21700C85B3A /* flixapp.app */ = {isa = PBXFileReference; explicitFileType = wrapper.application; includeInIndex = 0; path = flixapp.app; sourceTree = BUILT_PRODUCTS_DIR; };
		F28465122212C21700C85B3A /* AppDelegate.swift */ = {isa = PBXFileReference; lastKnownFileType = sourcecode.swift; path = AppDelegate.swift; sourceTree = "<group>"; };
		F28465172212C21700C85B3A /* Base */ = {isa = PBXFileReference; lastKnownFileType = file.storyboard; name = Base; path = Base.lproj/Main.storyboard; sourceTree = "<group>"; };
		F28465192212C21900C85B3A /* Assets.xcassets */ = {isa = PBXFileReference; lastKnownFileType = folder.assetcatalog; path = Assets.xcassets; sourceTree = "<group>"; };
		F284651C2212C21900C85B3A /* Base */ = {isa = PBXFileReference; lastKnownFileType = file.storyboard; name = Base; path = Base.lproj/LaunchScreen.storyboard; sourceTree = "<group>"; };
		F284651E2212C21900C85B3A /* Info.plist */ = {isa = PBXFileReference; lastKnownFileType = text.plist.xml; path = Info.plist; sourceTree = "<group>"; };
		F28465242212C59100C85B3A /* MoviesVC.swift */ = {isa = PBXFileReference; lastKnownFileType = sourcecode.swift; path = MoviesVC.swift; sourceTree = "<group>"; };
		F2CC47EA22250D2B00E39E17 /* MovieGridVC.swift */ = {isa = PBXFileReference; lastKnownFileType = sourcecode.swift; path = MovieGridVC.swift; sourceTree = "<group>"; };
		F2CC47EC2225152500E39E17 /* MovieGridCell.swift */ = {isa = PBXFileReference; lastKnownFileType = sourcecode.swift; path = MovieGridCell.swift; sourceTree = "<group>"; };
/* End PBXFileReference section */

/* Begin PBXFrameworksBuildPhase section */
		F284650C2212C21700C85B3A /* Frameworks */ = {
			isa = PBXFrameworksBuildPhase;
			buildActionMask = 2147483647;
			files = (
				3B99752EC760740B52016E07 /* Pods_flixapp.framework in Frameworks */,
			);
			runOnlyForDeploymentPostprocessing = 0;
		};
/* End PBXFrameworksBuildPhase section */

/* Begin PBXGroup section */
		06746F380AC6E49A07336978 /* Frameworks */ = {
			isa = PBXGroup;
			children = (
				7128F2FD7C43A55D587BD969 /* Pods_flixapp.framework */,
			);
			name = Frameworks;
			sourceTree = "<group>";
		};
		474B9816A2AB85854396052D /* Pods */ = {
			isa = PBXGroup;
			children = (
				1BDAF1A506853AB3CDC452A2 /* Pods-flixapp.debug.xcconfig */,
				E41D0DCBADD4899A4DBADC90 /* Pods-flixapp.release.xcconfig */,
			);
			name = Pods;
			sourceTree = "<group>";
		};
		F28465062212C21700C85B3A = {
			isa = PBXGroup;
			children = (
				F28465112212C21700C85B3A /* flixapp */,
				F28465102212C21700C85B3A /* Products */,
				474B9816A2AB85854396052D /* Pods */,
				06746F380AC6E49A07336978 /* Frameworks */,
			);
			sourceTree = "<group>";
		};
		F28465102212C21700C85B3A /* Products */ = {
			isa = PBXGroup;
			children = (
				F284650F2212C21700C85B3A /* flixapp.app */,
			);
			name = Products;
			sourceTree = "<group>";
		};
		F28465112212C21700C85B3A /* flixapp */ = {
			isa = PBXGroup;
			children = (
				F27FAEF1221365DE002FCE94 /* MovieCell.swift */,
				F28465122212C21700C85B3A /* AppDelegate.swift */,
				F28465162212C21700C85B3A /* Main.storyboard */,
				F28465242212C59100C85B3A /* MoviesVC.swift */,
				F28465192212C21900C85B3A /* Assets.xcassets */,
				F284651B2212C21900C85B3A /* LaunchScreen.storyboard */,
				F284651E2212C21900C85B3A /* Info.plist */,
				F2304B142220DF9A008071EF /* MovieDetailsVC.swift */,
				F2CC47EA22250D2B00E39E17 /* MovieGridVC.swift */,
				F2CC47EC2225152500E39E17 /* MovieGridCell.swift */,
			);
			path = flixapp;
			sourceTree = "<group>";
		};
/* End PBXGroup section */

/* Begin PBXNativeTarget section */
		F284650E2212C21700C85B3A /* flixapp */ = {
			isa = PBXNativeTarget;
			buildConfigurationList = F28465212212C21900C85B3A /* Build configuration list for PBXNativeTarget "flixapp" */;
			buildPhases = (
				7B1D4FC0EF52BC303727CF29 /* [CP] Check Pods Manifest.lock */,
				F284650B2212C21700C85B3A /* Sources */,
				F284650C2212C21700C85B3A /* Frameworks */,
				F284650D2212C21700C85B3A /* Resources */,
				3D747DD6BF02B1659E4D46D4 /* [CP] Embed Pods Frameworks */,
				25907742E2545B4B016B59C4 /* [CP] Copy Pods Resources */,
			);
			buildRules = (
			);
			dependencies = (
			);
			name = flixapp;
			productName = flixapp;
			productReference = F284650F2212C21700C85B3A /* flixapp.app */;
			productType = "com.apple.product-type.application";
		};
/* End PBXNativeTarget section */

/* Begin PBXProject section */
		F28465072212C21700C85B3A /* Project object */ = {
			isa = PBXProject;
			attributes = {
				LastSwiftUpdateCheck = 1010;
				LastUpgradeCheck = 1010;
				ORGANIZATIONNAME = "German Flores";
				TargetAttributes = {
					F284650E2212C21700C85B3A = {
						CreatedOnToolsVersion = 10.1;
					};
				};
			};
			buildConfigurationList = F284650A2212C21700C85B3A /* Build configuration list for PBXProject "flixapp" */;
			compatibilityVersion = "Xcode 9.3";
			developmentRegion = en;
			hasScannedForEncodings = 0;
			knownRegions = (
				en,
				Base,
			);
			mainGroup = F28465062212C21700C85B3A;
			productRefGroup = F28465102212C21700C85B3A /* Products */;
			projectDirPath = "";
			projectRoot = "";
			targets = (
				F284650E2212C21700C85B3A /* flixapp */,
			);
		};
/* End PBXProject section */

/* Begin PBXResourcesBuildPhase section */
		F284650D2212C21700C85B3A /* Resources */ = {
			isa = PBXResourcesBuildPhase;
			buildActionMask = 2147483647;
			files = (
				F284651D2212C21900C85B3A /* LaunchScreen.storyboard in Resources */,
				F284651A2212C21900C85B3A /* Assets.xcassets in Resources */,
				F28465182212C21700C85B3A /* Main.storyboard in Resources */,
			);
			runOnlyForDeploymentPostprocessing = 0;
		};
/* End PBXResourcesBuildPhase section */

/* Begin PBXShellScriptBuildPhase section */
		25907742E2545B4B016B59C4 /* [CP] Copy Pods Resources */ = {
			isa = PBXShellScriptBuildPhase;
			buildActionMask = 2147483647;
			files = (
			);
			inputPaths = (
			);
			name = "[CP] Copy Pods Resources";
			outputPaths = (
			);
			runOnlyForDeploymentPostprocessing = 0;
			shellPath = /bin/sh;
			shellScript = "\"${SRCROOT}/Pods/Target Support Files/Pods-flixapp/Pods-flixapp-resources.sh\"\n";
			showEnvVarsInLog = 0;
		};
		3D747DD6BF02B1659E4D46D4 /* [CP] Embed Pods Frameworks */ = {
			isa = PBXShellScriptBuildPhase;
			buildActionMask = 2147483647;
			files = (
			);
			inputPaths = (
				"${SRCROOT}/Pods/Target Support Files/Pods-flixapp/Pods-flixapp-frameworks.sh",
				"${BUILT_PRODUCTS_DIR}/Alamofire/Alamofire.framework",
				"${BUILT_PRODUCTS_DIR}/AlamofireImage/AlamofireImage.framework",
			);
			name = "[CP] Embed Pods Frameworks";
			outputPaths = (
				"${TARGET_BUILD_DIR}/${FRAMEWORKS_FOLDER_PATH}/Alamofire.framework",
				"${TARGET_BUILD_DIR}/${FRAMEWORKS_FOLDER_PATH}/AlamofireImage.framework",
			);
			runOnlyForDeploymentPostprocessing = 0;
			shellPath = /bin/sh;
			shellScript = "\"${SRCROOT}/Pods/Target Support Files/Pods-flixapp/Pods-flixapp-frameworks.sh\"\n";
			showEnvVarsInLog = 0;
		};
		7B1D4FC0EF52BC303727CF29 /* [CP] Check Pods Manifest.lock */ = {
			isa = PBXShellScriptBuildPhase;
			buildActionMask = 2147483647;
			files = (
			);
			inputPaths = (
				"${PODS_PODFILE_DIR_PATH}/Podfile.lock",
				"${PODS_ROOT}/Manifest.lock",
			);
			name = "[CP] Check Pods Manifest.lock";
			outputPaths = (
				"$(DERIVED_FILE_DIR)/Pods-flixapp-checkManifestLockResult.txt",
			);
			runOnlyForDeploymentPostprocessing = 0;
			shellPath = /bin/sh;
			shellScript = "diff \"${PODS_PODFILE_DIR_PATH}/Podfile.lock\" \"${PODS_ROOT}/Manifest.lock\" > /dev/null\nif [ $? != 0 ] ; then\n    # print error to STDERR\n    echo \"error: The sandbox is not in sync with the Podfile.lock. Run 'pod install' or update your CocoaPods installation.\" >&2\n    exit 1\nfi\n# This output is used by Xcode 'outputs' to avoid re-running this script phase.\necho \"SUCCESS\" > \"${SCRIPT_OUTPUT_FILE_0}\"\n";
			showEnvVarsInLog = 0;
		};
/* End PBXShellScriptBuildPhase section */

/* Begin PBXSourcesBuildPhase section */
		F284650B2212C21700C85B3A /* Sources */ = {
			isa = PBXSourcesBuildPhase;
			buildActionMask = 2147483647;
			files = (
				F28465132212C21700C85B3A /* AppDelegate.swift in Sources */,
				F28465252212C59100C85B3A /* MoviesVC.swift in Sources */,
				F2304B152220DF9A008071EF /* MovieDetailsVC.swift in Sources */,
				F2CC47EB22250D2B00E39E17 /* MovieGridVC.swift in Sources */,
				F2CC47ED2225152500E39E17 /* MovieGridCell.swift in Sources */,
				F27FAEF2221365DE002FCE94 /* MovieCell.swift in Sources */,
			);
			runOnlyForDeploymentPostprocessing = 0;
		};
/* End PBXSourcesBuildPhase section */

/* Begin PBXVariantGroup section */
		F28465162212C21700C85B3A /* Main.storyboard */ = {
			isa = PBXVariantGroup;
			children = (
				F28465172212C21700C85B3A /* Base */,
			);
			name = Main.storyboard;
			sourceTree = "<group>";
		};
		F284651B2212C21900C85B3A /* LaunchScreen.storyboard */ = {
			isa = PBXVariantGroup;
			children = (
				F284651C2212C21900C85B3A /* Base */,
			);
			name = LaunchScreen.storyboard;
			sourceTree = "<group>";
		};
/* End PBXVariantGroup section */

/* Begin XCBuildConfiguration section */
		F284651F2212C21900C85B3A /* Debug */ = {
			isa = XCBuildConfiguration;
			buildSettings = {
				ALWAYS_SEARCH_USER_PATHS = NO;
				CLANG_ANALYZER_NONNULL = YES;
				CLANG_ANALYZER_NUMBER_OBJECT_CONVERSION = YES_AGGRESSIVE;
				CLANG_CXX_LANGUAGE_STANDARD = "gnu++14";
				CLANG_CXX_LIBRARY = "libc++";
				CLANG_ENABLE_MODULES = YES;
				CLANG_ENABLE_OBJC_ARC = YES;
				CLANG_ENABLE_OBJC_WEAK = YES;
				CLANG_WARN_BLOCK_CAPTURE_AUTORELEASING = YES;
				CLANG_WARN_BOOL_CONVERSION = YES;
				CLANG_WARN_COMMA = YES;
				CLANG_WARN_CONSTANT_CONVERSION = YES;
				CLANG_WARN_DEPRECATED_OBJC_IMPLEMENTATIONS = YES;
				CLANG_WARN_DIRECT_OBJC_ISA_USAGE = YES_ERROR;
				CLANG_WARN_DOCUMENTATION_COMMENTS = YES;
				CLANG_WARN_EMPTY_BODY = YES;
				CLANG_WARN_ENUM_CONVERSION = YES;
				CLANG_WARN_INFINITE_RECURSION = YES;
				CLANG_WARN_INT_CONVERSION = YES;
				CLANG_WARN_NON_LITERAL_NULL_CONVERSION = YES;
				CLANG_WARN_OBJC_IMPLICIT_RETAIN_SELF = YES;
				CLANG_WARN_OBJC_LITERAL_CONVERSION = YES;
				CLANG_WARN_OBJC_ROOT_CLASS = YES_ERROR;
				CLANG_WARN_RANGE_LOOP_ANALYSIS = YES;
				CLANG_WARN_STRICT_PROTOTYPES = YES;
				CLANG_WARN_SUSPICIOUS_MOVE = YES;
				CLANG_WARN_UNGUARDED_AVAILABILITY = YES_AGGRESSIVE;
				CLANG_WARN_UNREACHABLE_CODE = YES;
				CLANG_WARN__DUPLICATE_METHOD_MATCH = YES;
				CODE_SIGN_IDENTITY = "iPhone Developer";
				COPY_PHASE_STRIP = NO;
				DEBUG_INFORMATION_FORMAT = dwarf;
				ENABLE_STRICT_OBJC_MSGSEND = YES;
				ENABLE_TESTABILITY = YES;
				GCC_C_LANGUAGE_STANDARD = gnu11;
				GCC_DYNAMIC_NO_PIC = NO;
				GCC_NO_COMMON_BLOCKS = YES;
				GCC_OPTIMIZATION_LEVEL = 0;
				GCC_PREPROCESSOR_DEFINITIONS = (
					"DEBUG=1",
					"$(inherited)",
				);
				GCC_WARN_64_TO_32_BIT_CONVERSION = YES;
				GCC_WARN_ABOUT_RETURN_TYPE = YES_ERROR;
				GCC_WARN_UNDECLARED_SELECTOR = YES;
				GCC_WARN_UNINITIALIZED_AUTOS = YES_AGGRESSIVE;
				GCC_WARN_UNUSED_FUNCTION = YES;
				GCC_WARN_UNUSED_VARIABLE = YES;
				IPHONEOS_DEPLOYMENT_TARGET = 12.1;
				MTL_ENABLE_DEBUG_INFO = INCLUDE_SOURCE;
				MTL_FAST_MATH = YES;
				ONLY_ACTIVE_ARCH = YES;
				SDKROOT = iphoneos;
				SWIFT_ACTIVE_COMPILATION_CONDITIONS = DEBUG;
				SWIFT_OPTIMIZATION_LEVEL = "-Onone";
			};
			name = Debug;
		};
		F28465202212C21900C85B3A /* Release */ = {
			isa = XCBuildConfiguration;
			buildSettings = {
				ALWAYS_SEARCH_USER_PATHS = NO;
				CLANG_ANALYZER_NONNULL = YES;
				CLANG_ANALYZER_NUMBER_OBJECT_CONVERSION = YES_AGGRESSIVE;
				CLANG_CXX_LANGUAGE_STANDARD = "gnu++14";
				CLANG_CXX_LIBRARY = "libc++";
				CLANG_ENABLE_MODULES = YES;
				CLANG_ENABLE_OBJC_ARC = YES;
				CLANG_ENABLE_OBJC_WEAK = YES;
				CLANG_WARN_BLOCK_CAPTURE_AUTORELEASING = YES;
				CLANG_WARN_BOOL_CONVERSION = YES;
				CLANG_WARN_COMMA = YES;
				CLANG_WARN_CONSTANT_CONVERSION = YES;
				CLANG_WARN_DEPRECATED_OBJC_IMPLEMENTATIONS = YES;
				CLANG_WARN_DIRECT_OBJC_ISA_USAGE = YES_ERROR;
				CLANG_WARN_DOCUMENTATION_COMMENTS = YES;
				CLANG_WARN_EMPTY_BODY = YES;
				CLANG_WARN_ENUM_CONVERSION = YES;
				CLANG_WARN_INFINITE_RECURSION = YES;
				CLANG_WARN_INT_CONVERSION = YES;
				CLANG_WARN_NON_LITERAL_NULL_CONVERSION = YES;
				CLANG_WARN_OBJC_IMPLICIT_RETAIN_SELF = YES;
				CLANG_WARN_OBJC_LITERAL_CONVERSION = YES;
				CLANG_WARN_OBJC_ROOT_CLASS = YES_ERROR;
				CLANG_WARN_RANGE_LOOP_ANALYSIS = YES;
				CLANG_WARN_STRICT_PROTOTYPES = YES;
				CLANG_WARN_SUSPICIOUS_MOVE = YES;
				CLANG_WARN_UNGUARDED_AVAILABILITY = YES_AGGRESSIVE;
				CLANG_WARN_UNREACHABLE_CODE = YES;
				CLANG_WARN__DUPLICATE_METHOD_MATCH = YES;
				CODE_SIGN_IDENTITY = "iPhone Developer";
				COPY_PHASE_STRIP = NO;
				DEBUG_INFORMATION_FORMAT = "dwarf-with-dsym";
				ENABLE_NS_ASSERTIONS = NO;
				ENABLE_STRICT_OBJC_MSGSEND = YES;
				GCC_C_LANGUAGE_STANDARD = gnu11;
				GCC_NO_COMMON_BLOCKS = YES;
				GCC_WARN_64_TO_32_BIT_CONVERSION = YES;
				GCC_WARN_ABOUT_RETURN_TYPE = YES_ERROR;
				GCC_WARN_UNDECLARED_SELECTOR = YES;
				GCC_WARN_UNINITIALIZED_AUTOS = YES_AGGRESSIVE;
				GCC_WARN_UNUSED_FUNCTION = YES;
				GCC_WARN_UNUSED_VARIABLE = YES;
				IPHONEOS_DEPLOYMENT_TARGET = 12.1;
				MTL_ENABLE_DEBUG_INFO = NO;
				MTL_FAST_MATH = YES;
				SDKROOT = iphoneos;
				SWIFT_COMPILATION_MODE = wholemodule;
				SWIFT_OPTIMIZATION_LEVEL = "-O";
				VALIDATE_PRODUCT = YES;
			};
			name = Release;
		};
		F28465222212C21900C85B3A /* Debug */ = {
			isa = XCBuildConfiguration;
			baseConfigurationReference = 1BDAF1A506853AB3CDC452A2 /* Pods-flixapp.debug.xcconfig */;
			buildSettings = {
				ASSETCATALOG_COMPILER_APPICON_NAME = AppIcon;
				CODE_SIGN_STYLE = Automatic;
				DEVELOPMENT_TEAM = 38YTF8688C;
				INFOPLIST_FILE = flixapp/Info.plist;
				LD_RUNPATH_SEARCH_PATHS = (
					"$(inherited)",
					"@executable_path/Frameworks",
				);
				PRODUCT_BUNDLE_IDENTIFIER = com.codepath.flixapp;
				PRODUCT_NAME = "$(TARGET_NAME)";
				SWIFT_VERSION = 4.2;
				TARGETED_DEVICE_FAMILY = "1,2";
			};
			name = Debug;
		};
		F28465232212C21900C85B3A /* Release */ = {
			isa = XCBuildConfiguration;
			baseConfigurationReference = E41D0DCBADD4899A4DBADC90 /* Pods-flixapp.release.xcconfig */;
			buildSettings = {
				ASSETCATALOG_COMPILER_APPICON_NAME = AppIcon;
				CODE_SIGN_STYLE = Automatic;
				DEVELOPMENT_TEAM = 38YTF8688C;
				INFOPLIST_FILE = flixapp/Info.plist;
				LD_RUNPATH_SEARCH_PATHS = (
					"$(inherited)",
					"@executable_path/Frameworks",
				);
				PRODUCT_BUNDLE_IDENTIFIER = com.codepath.flixapp;
				PRODUCT_NAME = "$(TARGET_NAME)";
				SWIFT_VERSION = 4.2;
				TARGETED_DEVICE_FAMILY = "1,2";
			};
			name = Release;
		};
/* End XCBuildConfiguration section */

/* Begin XCConfigurationList section */
		F284650A2212C21700C85B3A /* Build configuration list for PBXProject "flixapp" */ = {
			isa = XCConfigurationList;
			buildConfigurations = (
				F284651F2212C21900C85B3A /* Debug */,
				F28465202212C21900C85B3A /* Release */,
			);
			defaultConfigurationIsVisible = 0;
			defaultConfigurationName = Release;
		};
		F28465212212C21900C85B3A /* Build configuration list for PBXNativeTarget "flixapp" */ = {
			isa = XCConfigurationList;
			buildConfigurations = (
				F28465222212C21900C85B3A /* Debug */,
				F28465232212C21900C85B3A /* Release */,
			);
			defaultConfigurationIsVisible = 0;
			defaultConfigurationName = Release;
		};
/* End XCConfigurationList section */
	};
	rootObject = F28465072212C21700C85B3A /* Project object */;
}
